// !$*UTF8*$!
{
	archiveVersion = 1;
	classes = {
	};
	objectVersion = 56;
	objects = {

/* Begin PBXBuildFile section */
		3901D83728FE8FD300071442 /* IntroScene.sks in Resources */ = {isa = PBXBuildFile; fileRef = 3901D83628FE8FD300071442 /* IntroScene.sks */; };
		3901D83D28FE912B00071442 /* IntroController.swift in Sources */ = {isa = PBXBuildFile; fileRef = 3901D83C28FE912B00071442 /* IntroController.swift */; };
		3956B50628FD01840070B52C /* AppDelegate.swift in Sources */ = {isa = PBXBuildFile; fileRef = 3956B50528FD01840070B52C /* AppDelegate.swift */; };
		3956B50828FD01840070B52C /* GameScene.sks in Resources */ = {isa = PBXBuildFile; fileRef = 3956B50728FD01840070B52C /* GameScene.sks */; };
		3956B50A28FD01840070B52C /* Actions.sks in Resources */ = {isa = PBXBuildFile; fileRef = 3956B50928FD01840070B52C /* Actions.sks */; };
		3956B50C28FD01840070B52C /* GameController.swift in Sources */ = {isa = PBXBuildFile; fileRef = 3956B50B28FD01840070B52C /* GameController.swift */; };
		3956B50E28FD01840070B52C /* GameViewController.swift in Sources */ = {isa = PBXBuildFile; fileRef = 3956B50D28FD01840070B52C /* GameViewController.swift */; };
		3956B51128FD01840070B52C /* Main.storyboard in Resources */ = {isa = PBXBuildFile; fileRef = 3956B50F28FD01840070B52C /* Main.storyboard */; };
		3956B51328FD01850070B52C /* Assets.xcassets in Resources */ = {isa = PBXBuildFile; fileRef = 3956B51228FD01850070B52C /* Assets.xcassets */; };
		3956B51628FD01850070B52C /* LaunchScreen.storyboard in Resources */ = {isa = PBXBuildFile; fileRef = 3956B51428FD01850070B52C /* LaunchScreen.storyboard */; };
		39642A29290A8EC000A82C34 /* PlayerModel.xcdatamodeld in Sources */ = {isa = PBXBuildFile; fileRef = 39642A27290A8EC000A82C34 /* PlayerModel.xcdatamodeld */; };
		39642A30290A91FB00A82C34 /* CoreDataManager.swift in Sources */ = {isa = PBXBuildFile; fileRef = 39642A2F290A91FB00A82C34 /* CoreDataManager.swift */; };
		3965EEF62920F7D000AB1D39 /* GateParuParuScene.sks in Resources */ = {isa = PBXBuildFile; fileRef = 3965EEF52920F7D000AB1D39 /* GateParuParuScene.sks */; };
		3965EEF82920F7E600AB1D39 /* GateParuParuController.swift in Sources */ = {isa = PBXBuildFile; fileRef = 3965EEF72920F7E600AB1D39 /* GateParuParuController.swift */; };
		39A3DF9F29150933003A53A9 /* GateSerambiKananController.swift in Sources */ = {isa = PBXBuildFile; fileRef = 39A3DF9E29150933003A53A9 /* GateSerambiKananController.swift */; };
		39A3DFA129150953003A53A9 /* GateSerambiKananScene.sks in Resources */ = {isa = PBXBuildFile; fileRef = 39A3DFA029150953003A53A9 /* GateSerambiKananScene.sks */; };
		6B21C2AD29124C0700DF3662 /* SceneTest.sks in Resources */ = {isa = PBXBuildFile; fileRef = 6B21C2AC29124C0700DF3662 /* SceneTest.sks */; };
		6B4895FD29241D8A00902011 /* PlayerNode.swift in Sources */ = {isa = PBXBuildFile; fileRef = 6B4895FC29241D8A00902011 /* PlayerNode.swift */; };
		6B4895FF29241DAC00902011 /* PlayerStateController.swift in Sources */ = {isa = PBXBuildFile; fileRef = 6B4895FE29241DAC00902011 /* PlayerStateController.swift */; };
		6B48960129241DD100902011 /* KapilerController.swift in Sources */ = {isa = PBXBuildFile; fileRef = 6B48960029241DD100902011 /* KapilerController.swift */; };
		6B48960329241E0900902011 /* KapilerScene.sks in Resources */ = {isa = PBXBuildFile; fileRef = 6B48960229241E0900902011 /* KapilerScene.sks */; };
		6B48960529241E2C00902011 /* GameUIController.swift in Sources */ = {isa = PBXBuildFile; fileRef = 6B48960429241E2C00902011 /* GameUIController.swift */; };
		6B6D9BF42923E5DB00F736F1 /* Menu.swift in Sources */ = {isa = PBXBuildFile; fileRef = 6B6D9BF32923E5DB00F736F1 /* Menu.swift */; };
		6BC63050291B9A180000AB1B /* Erry_Walk_SFX.mp3 in Resources */ = {isa = PBXBuildFile; fileRef = 6BC6304D291B9A180000AB1B /* Erry_Walk_SFX.mp3 */; };
		6BC63051291B9A190000AB1B /* Erry_Jump_SFX.mp3 in Resources */ = {isa = PBXBuildFile; fileRef = 6BC6304E291B9A180000AB1B /* Erry_Jump_SFX.mp3 */; };
		6BC63052291B9A190000AB1B /* COK_BGM_01.mp3 in Resources */ = {isa = PBXBuildFile; fileRef = 6BC6304F291B9A180000AB1B /* COK_BGM_01.mp3 */; };
		6BC63056291BA66B0000AB1B /* typingSFX.mp3 in Resources */ = {isa = PBXBuildFile; fileRef = 6BC63055291BA66B0000AB1B /* typingSFX.mp3 */; };
		A293D5732922822300E52253 /* MissionJournal.sks in Resources */ = {isa = PBXBuildFile; fileRef = A293D5722922822300E52253 /* MissionJournal.sks */; };
		A293D57529228E5B00E52253 /* MissionJournalController.swift in Sources */ = {isa = PBXBuildFile; fileRef = A293D57429228E5B00E52253 /* MissionJournalController.swift */; };
		A293D5772923944B00E52253 /* ArteriPulmonalisScene.sks in Resources */ = {isa = PBXBuildFile; fileRef = A293D5762923944B00E52253 /* ArteriPulmonalisScene.sks */; };
		A293D57929239D7600E52253 /* ArteriPulmonalisController.swift in Sources */ = {isa = PBXBuildFile; fileRef = A293D57829239D7600E52253 /* ArteriPulmonalisController.swift */; };
		A295965029139EC000DE128A /* BilikKananScene.sks in Resources */ = {isa = PBXBuildFile; fileRef = A295964F29139EC000DE128A /* BilikKananScene.sks */; };
		A295965229139EE100DE128A /* BilikKananController.swift in Sources */ = {isa = PBXBuildFile; fileRef = A295965129139EE100DE128A /* BilikKananController.swift */; };
		A2959654291501A400DE128A /* SceneTestController.swift in Sources */ = {isa = PBXBuildFile; fileRef = A2959653291501A400DE128A /* SceneTestController.swift */; };
		A2BC1CE8292413E900823809 /* GameOver.sks in Resources */ = {isa = PBXBuildFile; fileRef = A2BC1CE7292413E900823809 /* GameOver.sks */; };
		A2BC1CEA292433D500823809 /* NewDictionary.sks in Resources */ = {isa = PBXBuildFile; fileRef = A2BC1CE9292433D500823809 /* NewDictionary.sks */; };
		A2ED0A15290AC218009DA9FC /* DialogueBox.swift in Sources */ = {isa = PBXBuildFile; fileRef = A2ED0A13290AC217009DA9FC /* DialogueBox.swift */; };
		A2ED0A16290AC218009DA9FC /* Dialogue.swift in Sources */ = {isa = PBXBuildFile; fileRef = A2ED0A14290AC217009DA9FC /* Dialogue.swift */; };
		A2ED0A19290ADEE2009DA9FC /* Acme-Regular.ttf in Resources */ = {isa = PBXBuildFile; fileRef = A2ED0A18290ADED8009DA9FC /* Acme-Regular.ttf */; };
		A2ED0A1D290AE706009DA9FC /* SF-Pro.ttf in Resources */ = {isa = PBXBuildFile; fileRef = A2ED0A1C290AE6F8009DA9FC /* SF-Pro.ttf */; };
		A2F78635291A62DD009D958E /* Riddle.sks in Resources */ = {isa = PBXBuildFile; fileRef = A2F78634291A62DD009D958E /* Riddle.sks */; };
/* End PBXBuildFile section */

/* Begin PBXFileReference section */
		3901D83628FE8FD300071442 /* IntroScene.sks */ = {isa = PBXFileReference; lastKnownFileType = file.sks; path = IntroScene.sks; sourceTree = "<group>"; };
		3901D83C28FE912B00071442 /* IntroController.swift */ = {isa = PBXFileReference; lastKnownFileType = sourcecode.swift; path = IntroController.swift; sourceTree = "<group>"; };
		3956B50228FD01840070B52C /* CityOfKardia.app */ = {isa = PBXFileReference; explicitFileType = wrapper.application; includeInIndex = 0; path = CityOfKardia.app; sourceTree = BUILT_PRODUCTS_DIR; };
		3956B50528FD01840070B52C /* AppDelegate.swift */ = {isa = PBXFileReference; lastKnownFileType = sourcecode.swift; path = AppDelegate.swift; sourceTree = "<group>"; };
		3956B50728FD01840070B52C /* GameScene.sks */ = {isa = PBXFileReference; lastKnownFileType = file.sks; path = GameScene.sks; sourceTree = "<group>"; };
		3956B50928FD01840070B52C /* Actions.sks */ = {isa = PBXFileReference; lastKnownFileType = file.sks; path = Actions.sks; sourceTree = "<group>"; };
		3956B50B28FD01840070B52C /* GameController.swift */ = {isa = PBXFileReference; lastKnownFileType = sourcecode.swift; path = GameController.swift; sourceTree = "<group>"; };
		3956B50D28FD01840070B52C /* GameViewController.swift */ = {isa = PBXFileReference; lastKnownFileType = sourcecode.swift; path = GameViewController.swift; sourceTree = "<group>"; };
		3956B51028FD01840070B52C /* Base */ = {isa = PBXFileReference; lastKnownFileType = file.storyboard; name = Base; path = Base.lproj/Main.storyboard; sourceTree = "<group>"; };
		3956B51228FD01850070B52C /* Assets.xcassets */ = {isa = PBXFileReference; lastKnownFileType = folder.assetcatalog; path = Assets.xcassets; sourceTree = "<group>"; };
		3956B51528FD01850070B52C /* Base */ = {isa = PBXFileReference; lastKnownFileType = file.storyboard; name = Base; path = Base.lproj/LaunchScreen.storyboard; sourceTree = "<group>"; };
		39642A28290A8EC000A82C34 /* PlayerModel.xcdatamodel */ = {isa = PBXFileReference; lastKnownFileType = wrapper.xcdatamodel; path = PlayerModel.xcdatamodel; sourceTree = "<group>"; };
		39642A2F290A91FB00A82C34 /* CoreDataManager.swift */ = {isa = PBXFileReference; lastKnownFileType = sourcecode.swift; path = CoreDataManager.swift; sourceTree = "<group>"; };
		3965EEF52920F7D000AB1D39 /* GateParuParuScene.sks */ = {isa = PBXFileReference; lastKnownFileType = file.sks; path = GateParuParuScene.sks; sourceTree = "<group>"; };
		3965EEF72920F7E600AB1D39 /* GateParuParuController.swift */ = {isa = PBXFileReference; lastKnownFileType = sourcecode.swift; path = GateParuParuController.swift; sourceTree = "<group>"; };
		39A3DF9E29150933003A53A9 /* GateSerambiKananController.swift */ = {isa = PBXFileReference; lastKnownFileType = sourcecode.swift; path = GateSerambiKananController.swift; sourceTree = "<group>"; };
		39A3DFA029150953003A53A9 /* GateSerambiKananScene.sks */ = {isa = PBXFileReference; lastKnownFileType = file.sks; path = GateSerambiKananScene.sks; sourceTree = "<group>"; };
		6B21C2AC29124C0700DF3662 /* SceneTest.sks */ = {isa = PBXFileReference; lastKnownFileType = file.sks; path = SceneTest.sks; sourceTree = "<group>"; };
		6B4895FC29241D8A00902011 /* PlayerNode.swift */ = {isa = PBXFileReference; lastKnownFileType = sourcecode.swift; path = PlayerNode.swift; sourceTree = "<group>"; };
		6B4895FE29241DAC00902011 /* PlayerStateController.swift */ = {isa = PBXFileReference; lastKnownFileType = sourcecode.swift; path = PlayerStateController.swift; sourceTree = "<group>"; };
		6B48960029241DD100902011 /* KapilerController.swift */ = {isa = PBXFileReference; lastKnownFileType = sourcecode.swift; path = KapilerController.swift; sourceTree = "<group>"; };
		6B48960229241E0900902011 /* KapilerScene.sks */ = {isa = PBXFileReference; lastKnownFileType = file.sks; path = KapilerScene.sks; sourceTree = "<group>"; };
		6B48960429241E2C00902011 /* GameUIController.swift */ = {isa = PBXFileReference; lastKnownFileType = sourcecode.swift; path = GameUIController.swift; sourceTree = "<group>"; };
		6B6D9BF32923E5DB00F736F1 /* Menu.swift */ = {isa = PBXFileReference; lastKnownFileType = sourcecode.swift; path = Menu.swift; sourceTree = "<group>"; };
		6BC6304D291B9A180000AB1B /* Erry_Walk_SFX.mp3 */ = {isa = PBXFileReference; lastKnownFileType = audio.mp3; path = Erry_Walk_SFX.mp3; sourceTree = "<group>"; };
		6BC6304E291B9A180000AB1B /* Erry_Jump_SFX.mp3 */ = {isa = PBXFileReference; lastKnownFileType = audio.mp3; path = Erry_Jump_SFX.mp3; sourceTree = "<group>"; };
		6BC6304F291B9A180000AB1B /* COK_BGM_01.mp3 */ = {isa = PBXFileReference; lastKnownFileType = audio.mp3; path = COK_BGM_01.mp3; sourceTree = "<group>"; };
		6BC63055291BA66B0000AB1B /* typingSFX.mp3 */ = {isa = PBXFileReference; lastKnownFileType = audio.mp3; path = typingSFX.mp3; sourceTree = "<group>"; };
		A293D5722922822300E52253 /* MissionJournal.sks */ = {isa = PBXFileReference; lastKnownFileType = file.sks; path = MissionJournal.sks; sourceTree = "<group>"; };
		A293D57429228E5B00E52253 /* MissionJournalController.swift */ = {isa = PBXFileReference; lastKnownFileType = sourcecode.swift; path = MissionJournalController.swift; sourceTree = "<group>"; };
		A293D5762923944B00E52253 /* ArteriPulmonalisScene.sks */ = {isa = PBXFileReference; lastKnownFileType = file.sks; path = ArteriPulmonalisScene.sks; sourceTree = "<group>"; };
		A293D57829239D7600E52253 /* ArteriPulmonalisController.swift */ = {isa = PBXFileReference; lastKnownFileType = sourcecode.swift; path = ArteriPulmonalisController.swift; sourceTree = "<group>"; };
		A295964F29139EC000DE128A /* BilikKananScene.sks */ = {isa = PBXFileReference; lastKnownFileType = file.sks; path = BilikKananScene.sks; sourceTree = "<group>"; };
		A295965129139EE100DE128A /* BilikKananController.swift */ = {isa = PBXFileReference; lastKnownFileType = sourcecode.swift; path = BilikKananController.swift; sourceTree = "<group>"; };
		A2959653291501A400DE128A /* SceneTestController.swift */ = {isa = PBXFileReference; lastKnownFileType = sourcecode.swift; name = SceneTestController.swift; path = ../Scene/SceneTestController.swift; sourceTree = "<group>"; };
		A2BC1CE7292413E900823809 /* GameOver.sks */ = {isa = PBXFileReference; lastKnownFileType = file.sks; path = GameOver.sks; sourceTree = "<group>"; };
		A2BC1CE9292433D500823809 /* NewDictionary.sks */ = {isa = PBXFileReference; lastKnownFileType = file.sks; path = NewDictionary.sks; sourceTree = "<group>"; };
		A2ED0A13290AC217009DA9FC /* DialogueBox.swift */ = {isa = PBXFileReference; fileEncoding = 4; lastKnownFileType = sourcecode.swift; path = DialogueBox.swift; sourceTree = "<group>"; };
		A2ED0A14290AC217009DA9FC /* Dialogue.swift */ = {isa = PBXFileReference; fileEncoding = 4; lastKnownFileType = sourcecode.swift; path = Dialogue.swift; sourceTree = "<group>"; };
		A2ED0A18290ADED8009DA9FC /* Acme-Regular.ttf */ = {isa = PBXFileReference; lastKnownFileType = file; path = "Acme-Regular.ttf"; sourceTree = "<group>"; };
		A2ED0A1A290AE499009DA9FC /* Info.plist */ = {isa = PBXFileReference; lastKnownFileType = text.plist; path = Info.plist; sourceTree = "<group>"; };
		A2ED0A1C290AE6F8009DA9FC /* SF-Pro.ttf */ = {isa = PBXFileReference; lastKnownFileType = file; path = "SF-Pro.ttf"; sourceTree = "<group>"; };
		A2F78634291A62DD009D958E /* Riddle.sks */ = {isa = PBXFileReference; lastKnownFileType = file.sks; path = Riddle.sks; sourceTree = "<group>"; };
/* End PBXFileReference section */

/* Begin PBXFrameworksBuildPhase section */
		3956B4FF28FD01840070B52C /* Frameworks */ = {
			isa = PBXFrameworksBuildPhase;
			buildActionMask = 2147483647;
			files = (
			);
			runOnlyForDeploymentPostprocessing = 0;
		};
/* End PBXFrameworksBuildPhase section */

/* Begin PBXGroup section */
		3956B4F928FD01840070B52C = {
			isa = PBXGroup;
			children = (
				3956B50428FD01840070B52C /* CityOfKardia */,
				3956B50328FD01840070B52C /* Products */,
			);
			sourceTree = "<group>";
		};
		3956B50328FD01840070B52C /* Products */ = {
			isa = PBXGroup;
			children = (
				3956B50228FD01840070B52C /* CityOfKardia.app */,
			);
			name = Products;
			sourceTree = "<group>";
		};
		3956B50428FD01840070B52C /* CityOfKardia */ = {
			isa = PBXGroup;
			children = (
				6B6D9BF12923E5BF00F736F1 /* Entity */,
				6BC6304C291B9A050000AB1B /* SFX */,
				39FFAB642913BBFD00351F50 /* Controller */,
				39FFAB652913BC7900351F50 /* Model */,
				6B21C2A429124B2200DF3662 /* Scene */,
				A2ED0A1A290AE499009DA9FC /* Info.plist */,
				3956B50528FD01840070B52C /* AppDelegate.swift */,
				3956B50928FD01840070B52C /* Actions.sks */,
				3956B50F28FD01840070B52C /* Main.storyboard */,
				3956B51428FD01850070B52C /* LaunchScreen.storyboard */,
				3956B51228FD01850070B52C /* Assets.xcassets */,
				A2ED0A17290ADE95009DA9FC /* fonts */,
			);
			path = CityOfKardia;
			sourceTree = "<group>";
		};
		39FFAB642913BBFD00351F50 /* Controller */ = {
			isa = PBXGroup;
			children = (
				A295965129139EE100DE128A /* BilikKananController.swift */,
				3956B50B28FD01840070B52C /* GameController.swift */,
				3956B50D28FD01840070B52C /* GameViewController.swift */,
				3965EEF72920F7E600AB1D39 /* GateParuParuController.swift */,
				39A3DF9E29150933003A53A9 /* GateSerambiKananController.swift */,
				3901D83C28FE912B00071442 /* IntroController.swift */,
				A2959653291501A400DE128A /* SceneTestController.swift */,
				A293D57429228E5B00E52253 /* MissionJournalController.swift */,
				A293D57829239D7600E52253 /* ArteriPulmonalisController.swift */,
				6B48960029241DD100902011 /* KapilerController.swift */,
				6B48960429241E2C00902011 /* GameUIController.swift */,
			);
			path = Controller;
			sourceTree = "<group>";
		};
		39FFAB652913BC7900351F50 /* Model */ = {
			isa = PBXGroup;
			children = (
				39642A27290A8EC000A82C34 /* PlayerModel.xcdatamodeld */,
				39642A2F290A91FB00A82C34 /* CoreDataManager.swift */,
				A2ED0A14290AC217009DA9FC /* Dialogue.swift */,
			);
			path = Model;
			sourceTree = "<group>";
		};
		6B21C2A429124B2200DF3662 /* Scene */ = {
			isa = PBXGroup;
			children = (
				6B48960229241E0900902011 /* KapilerScene.sks */,
				A295964F29139EC000DE128A /* BilikKananScene.sks */,
				3956B50728FD01840070B52C /* GameScene.sks */,
				3965EEF52920F7D000AB1D39 /* GateParuParuScene.sks */,
				39A3DFA029150953003A53A9 /* GateSerambiKananScene.sks */,
				3901D83628FE8FD300071442 /* IntroScene.sks */,
				6B21C2AC29124C0700DF3662 /* SceneTest.sks */,
				A2F78634291A62DD009D958E /* Riddle.sks */,
				A293D5722922822300E52253 /* MissionJournal.sks */,
				A293D5762923944B00E52253 /* ArteriPulmonalisScene.sks */,
				A2BC1CE7292413E900823809 /* GameOver.sks */,
				A2BC1CE9292433D500823809 /* NewDictionary.sks */,
			);
			path = Scene;
			sourceTree = "<group>";
		};
		6B21C2A529124B2E00DF3662 /* Player */ = {
			isa = PBXGroup;
			children = (
				6B4895FC29241D8A00902011 /* PlayerNode.swift */,
				6B4895FE29241DAC00902011 /* PlayerStateController.swift */,
			);
			path = Player;
			sourceTree = "<group>";
		};
		6B6D9BF12923E5BF00F736F1 /* Entity */ = {
			isa = PBXGroup;
			children = (
				6B6D9BF52923E66900F736F1 /* Dialogue */,
				6B6D9BF22923E5CD00F736F1 /* Menu */,
				6B21C2A529124B2E00DF3662 /* Player */,
			);
			path = Entity;
			sourceTree = "<group>";
		};
		6B6D9BF22923E5CD00F736F1 /* Menu */ = {
			isa = PBXGroup;
			children = (
				6B6D9BF32923E5DB00F736F1 /* Menu.swift */,
			);
			path = Menu;
			sourceTree = "<group>";
		};
		6B6D9BF52923E66900F736F1 /* Dialogue */ = {
			isa = PBXGroup;
			children = (
				A2ED0A13290AC217009DA9FC /* DialogueBox.swift */,
			);
			path = Dialogue;
			sourceTree = "<group>";
		};
		6BC6304C291B9A050000AB1B /* SFX */ = {
			isa = PBXGroup;
			children = (
				6BC63055291BA66B0000AB1B /* typingSFX.mp3 */,
				6BC6304F291B9A180000AB1B /* COK_BGM_01.mp3 */,
				6BC6304E291B9A180000AB1B /* Erry_Jump_SFX.mp3 */,
				6BC6304D291B9A180000AB1B /* Erry_Walk_SFX.mp3 */,
			);
			path = SFX;
			sourceTree = "<group>";
		};
		A2ED0A17290ADE95009DA9FC /* fonts */ = {
			isa = PBXGroup;
			children = (
				A2ED0A18290ADED8009DA9FC /* Acme-Regular.ttf */,
				A2ED0A1C290AE6F8009DA9FC /* SF-Pro.ttf */,
			);
			path = fonts;
			sourceTree = "<group>";
		};
/* End PBXGroup section */

/* Begin PBXNativeTarget section */
		3956B50128FD01840070B52C /* CityOfKardia */ = {
			isa = PBXNativeTarget;
			buildConfigurationList = 3956B51928FD01850070B52C /* Build configuration list for PBXNativeTarget "CityOfKardia" */;
			buildPhases = (
				3956B4FE28FD01840070B52C /* Sources */,
				3956B4FF28FD01840070B52C /* Frameworks */,
				3956B50028FD01840070B52C /* Resources */,
			);
			buildRules = (
			);
			dependencies = (
			);
			name = CityOfKardia;
			productName = CityOfKardia;
			productReference = 3956B50228FD01840070B52C /* CityOfKardia.app */;
			productType = "com.apple.product-type.application";
		};
/* End PBXNativeTarget section */

/* Begin PBXProject section */
		3956B4FA28FD01840070B52C /* Project object */ = {
			isa = PBXProject;
			attributes = {
				BuildIndependentTargetsInParallel = 1;
				LastSwiftUpdateCheck = 1400;
				LastUpgradeCheck = 1400;
				TargetAttributes = {
					3956B50128FD01840070B52C = {
						CreatedOnToolsVersion = 14.0.1;
					};
				};
			};
			buildConfigurationList = 3956B4FD28FD01840070B52C /* Build configuration list for PBXProject "CityOfKardia" */;
			compatibilityVersion = "Xcode 14.0";
			developmentRegion = en;
			hasScannedForEncodings = 0;
			knownRegions = (
				en,
				Base,
			);
			mainGroup = 3956B4F928FD01840070B52C;
			productRefGroup = 3956B50328FD01840070B52C /* Products */;
			projectDirPath = "";
			projectRoot = "";
			targets = (
				3956B50128FD01840070B52C /* CityOfKardia */,
			);
		};
/* End PBXProject section */

/* Begin PBXResourcesBuildPhase section */
		3956B50028FD01840070B52C /* Resources */ = {
			isa = PBXResourcesBuildPhase;
			buildActionMask = 2147483647;
			files = (
				6BC63051291B9A190000AB1B /* Erry_Jump_SFX.mp3 in Resources */,
				A2BC1CE8292413E900823809 /* GameOver.sks in Resources */,
				3956B51128FD01840070B52C /* Main.storyboard in Resources */,
				A2F78635291A62DD009D958E /* Riddle.sks in Resources */,
				3956B50828FD01840070B52C /* GameScene.sks in Resources */,
				3965EEF62920F7D000AB1D39 /* GateParuParuScene.sks in Resources */,
				A2BC1CEA292433D500823809 /* NewDictionary.sks in Resources */,
				A293D5772923944B00E52253 /* ArteriPulmonalisScene.sks in Resources */,
				A295965029139EC000DE128A /* BilikKananScene.sks in Resources */,
				A293D5732922822300E52253 /* MissionJournal.sks in Resources */,
				A2ED0A19290ADEE2009DA9FC /* Acme-Regular.ttf in Resources */,
				6B48960329241E0900902011 /* KapilerScene.sks in Resources */,
				39A3DFA129150953003A53A9 /* GateSerambiKananScene.sks in Resources */,
				3956B51328FD01850070B52C /* Assets.xcassets in Resources */,
				3901D83728FE8FD300071442 /* IntroScene.sks in Resources */,
				6BC63056291BA66B0000AB1B /* typingSFX.mp3 in Resources */,
				6BC63052291B9A190000AB1B /* COK_BGM_01.mp3 in Resources */,
				6B21C2AD29124C0700DF3662 /* SceneTest.sks in Resources */,
				A2ED0A1D290AE706009DA9FC /* SF-Pro.ttf in Resources */,
				3956B51628FD01850070B52C /* LaunchScreen.storyboard in Resources */,
				6BC63050291B9A180000AB1B /* Erry_Walk_SFX.mp3 in Resources */,
				3956B50A28FD01840070B52C /* Actions.sks in Resources */,
			);
			runOnlyForDeploymentPostprocessing = 0;
		};
/* End PBXResourcesBuildPhase section */

/* Begin PBXSourcesBuildPhase section */
		3956B4FE28FD01840070B52C /* Sources */ = {
			isa = PBXSourcesBuildPhase;
			buildActionMask = 2147483647;
			files = (
				3956B50C28FD01840070B52C /* GameController.swift in Sources */,
				3901D83D28FE912B00071442 /* IntroController.swift in Sources */,
				A293D57529228E5B00E52253 /* MissionJournalController.swift in Sources */,
				A2959654291501A400DE128A /* SceneTestController.swift in Sources */,
				39642A29290A8EC000A82C34 /* PlayerModel.xcdatamodeld in Sources */,
				6B6D9BF42923E5DB00F736F1 /* Menu.swift in Sources */,
				A295965229139EE100DE128A /* BilikKananController.swift in Sources */,
				A2ED0A15290AC218009DA9FC /* DialogueBox.swift in Sources */,
				A293D57929239D7600E52253 /* ArteriPulmonalisController.swift in Sources */,
				6B4895FF29241DAC00902011 /* PlayerStateController.swift in Sources */,
				6B48960529241E2C00902011 /* GameUIController.swift in Sources */,
				3956B50E28FD01840070B52C /* GameViewController.swift in Sources */,
				39A3DF9F29150933003A53A9 /* GateSerambiKananController.swift in Sources */,
				39642A30290A91FB00A82C34 /* CoreDataManager.swift in Sources */,
				3956B50628FD01840070B52C /* AppDelegate.swift in Sources */,
				3965EEF82920F7E600AB1D39 /* GateParuParuController.swift in Sources */,
				A2ED0A16290AC218009DA9FC /* Dialogue.swift in Sources */,
				6B4895FD29241D8A00902011 /* PlayerNode.swift in Sources */,
				6B48960129241DD100902011 /* KapilerController.swift in Sources */,
			);
			runOnlyForDeploymentPostprocessing = 0;
		};
/* End PBXSourcesBuildPhase section */

/* Begin PBXVariantGroup section */
		3956B50F28FD01840070B52C /* Main.storyboard */ = {
			isa = PBXVariantGroup;
			children = (
				3956B51028FD01840070B52C /* Base */,
			);
			name = Main.storyboard;
			sourceTree = "<group>";
		};
		3956B51428FD01850070B52C /* LaunchScreen.storyboard */ = {
			isa = PBXVariantGroup;
			children = (
				3956B51528FD01850070B52C /* Base */,
			);
			name = LaunchScreen.storyboard;
			sourceTree = "<group>";
		};
/* End PBXVariantGroup section */

/* Begin XCBuildConfiguration section */
		3956B51728FD01850070B52C /* Debug */ = {
			isa = XCBuildConfiguration;
			buildSettings = {
				ALWAYS_SEARCH_USER_PATHS = NO;
				CLANG_ANALYZER_NONNULL = YES;
				CLANG_ANALYZER_NUMBER_OBJECT_CONVERSION = YES_AGGRESSIVE;
				CLANG_CXX_LANGUAGE_STANDARD = "gnu++20";
				CLANG_ENABLE_MODULES = YES;
				CLANG_ENABLE_OBJC_ARC = YES;
				CLANG_ENABLE_OBJC_WEAK = YES;
				CLANG_WARN_BLOCK_CAPTURE_AUTORELEASING = YES;
				CLANG_WARN_BOOL_CONVERSION = YES;
				CLANG_WARN_COMMA = YES;
				CLANG_WARN_CONSTANT_CONVERSION = YES;
				CLANG_WARN_DEPRECATED_OBJC_IMPLEMENTATIONS = YES;
				CLANG_WARN_DIRECT_OBJC_ISA_USAGE = YES_ERROR;
				CLANG_WARN_DOCUMENTATION_COMMENTS = YES;
				CLANG_WARN_EMPTY_BODY = YES;
				CLANG_WARN_ENUM_CONVERSION = YES;
				CLANG_WARN_INFINITE_RECURSION = YES;
				CLANG_WARN_INT_CONVERSION = YES;
				CLANG_WARN_NON_LITERAL_NULL_CONVERSION = YES;
				CLANG_WARN_OBJC_IMPLICIT_RETAIN_SELF = YES;
				CLANG_WARN_OBJC_LITERAL_CONVERSION = YES;
				CLANG_WARN_OBJC_ROOT_CLASS = YES_ERROR;
				CLANG_WARN_QUOTED_INCLUDE_IN_FRAMEWORK_HEADER = YES;
				CLANG_WARN_RANGE_LOOP_ANALYSIS = YES;
				CLANG_WARN_STRICT_PROTOTYPES = YES;
				CLANG_WARN_SUSPICIOUS_MOVE = YES;
				CLANG_WARN_UNGUARDED_AVAILABILITY = YES_AGGRESSIVE;
				CLANG_WARN_UNREACHABLE_CODE = YES;
				CLANG_WARN__DUPLICATE_METHOD_MATCH = YES;
				COPY_PHASE_STRIP = NO;
				DEBUG_INFORMATION_FORMAT = dwarf;
				ENABLE_STRICT_OBJC_MSGSEND = YES;
				ENABLE_TESTABILITY = YES;
				GCC_C_LANGUAGE_STANDARD = gnu11;
				GCC_DYNAMIC_NO_PIC = NO;
				GCC_NO_COMMON_BLOCKS = YES;
				GCC_OPTIMIZATION_LEVEL = 0;
				GCC_PREPROCESSOR_DEFINITIONS = (
					"DEBUG=1",
					"$(inherited)",
				);
				GCC_WARN_64_TO_32_BIT_CONVERSION = YES;
				GCC_WARN_ABOUT_RETURN_TYPE = YES_ERROR;
				GCC_WARN_UNDECLARED_SELECTOR = YES;
				GCC_WARN_UNINITIALIZED_AUTOS = YES_AGGRESSIVE;
				GCC_WARN_UNUSED_FUNCTION = YES;
				GCC_WARN_UNUSED_VARIABLE = YES;
				IPHONEOS_DEPLOYMENT_TARGET = 16.0;
				MTL_ENABLE_DEBUG_INFO = INCLUDE_SOURCE;
				MTL_FAST_MATH = YES;
				ONLY_ACTIVE_ARCH = YES;
				SDKROOT = iphoneos;
				SWIFT_ACTIVE_COMPILATION_CONDITIONS = DEBUG;
				SWIFT_OPTIMIZATION_LEVEL = "-Onone";
			};
			name = Debug;
		};
		3956B51828FD01850070B52C /* Release */ = {
			isa = XCBuildConfiguration;
			buildSettings = {
				ALWAYS_SEARCH_USER_PATHS = NO;
				CLANG_ANALYZER_NONNULL = YES;
				CLANG_ANALYZER_NUMBER_OBJECT_CONVERSION = YES_AGGRESSIVE;
				CLANG_CXX_LANGUAGE_STANDARD = "gnu++20";
				CLANG_ENABLE_MODULES = YES;
				CLANG_ENABLE_OBJC_ARC = YES;
				CLANG_ENABLE_OBJC_WEAK = YES;
				CLANG_WARN_BLOCK_CAPTURE_AUTORELEASING = YES;
				CLANG_WARN_BOOL_CONVERSION = YES;
				CLANG_WARN_COMMA = YES;
				CLANG_WARN_CONSTANT_CONVERSION = YES;
				CLANG_WARN_DEPRECATED_OBJC_IMPLEMENTATIONS = YES;
				CLANG_WARN_DIRECT_OBJC_ISA_USAGE = YES_ERROR;
				CLANG_WARN_DOCUMENTATION_COMMENTS = YES;
				CLANG_WARN_EMPTY_BODY = YES;
				CLANG_WARN_ENUM_CONVERSION = YES;
				CLANG_WARN_INFINITE_RECURSION = YES;
				CLANG_WARN_INT_CONVERSION = YES;
				CLANG_WARN_NON_LITERAL_NULL_CONVERSION = YES;
				CLANG_WARN_OBJC_IMPLICIT_RETAIN_SELF = YES;
				CLANG_WARN_OBJC_LITERAL_CONVERSION = YES;
				CLANG_WARN_OBJC_ROOT_CLASS = YES_ERROR;
				CLANG_WARN_QUOTED_INCLUDE_IN_FRAMEWORK_HEADER = YES;
				CLANG_WARN_RANGE_LOOP_ANALYSIS = YES;
				CLANG_WARN_STRICT_PROTOTYPES = YES;
				CLANG_WARN_SUSPICIOUS_MOVE = YES;
				CLANG_WARN_UNGUARDED_AVAILABILITY = YES_AGGRESSIVE;
				CLANG_WARN_UNREACHABLE_CODE = YES;
				CLANG_WARN__DUPLICATE_METHOD_MATCH = YES;
				COPY_PHASE_STRIP = NO;
				DEBUG_INFORMATION_FORMAT = "dwarf-with-dsym";
				ENABLE_NS_ASSERTIONS = NO;
				ENABLE_STRICT_OBJC_MSGSEND = YES;
				GCC_C_LANGUAGE_STANDARD = gnu11;
				GCC_NO_COMMON_BLOCKS = YES;
				GCC_WARN_64_TO_32_BIT_CONVERSION = YES;
				GCC_WARN_ABOUT_RETURN_TYPE = YES_ERROR;
				GCC_WARN_UNDECLARED_SELECTOR = YES;
				GCC_WARN_UNINITIALIZED_AUTOS = YES_AGGRESSIVE;
				GCC_WARN_UNUSED_FUNCTION = YES;
				GCC_WARN_UNUSED_VARIABLE = YES;
				IPHONEOS_DEPLOYMENT_TARGET = 16.0;
				MTL_ENABLE_DEBUG_INFO = NO;
				MTL_FAST_MATH = YES;
				SDKROOT = iphoneos;
				SWIFT_COMPILATION_MODE = wholemodule;
				SWIFT_OPTIMIZATION_LEVEL = "-O";
				VALIDATE_PRODUCT = YES;
			};
			name = Release;
		};
		3956B51A28FD01850070B52C /* Debug */ = {
			isa = XCBuildConfiguration;
			buildSettings = {
				ASSETCATALOG_COMPILER_APPICON_NAME = AppIcon;
				ASSETCATALOG_COMPILER_GLOBAL_ACCENT_COLOR_NAME = AccentColor;
				CODE_SIGN_STYLE = Automatic;
				CURRENT_PROJECT_VERSION = 1;
				DEVELOPMENT_TEAM = FD4B7DH8HN;
				GENERATE_INFOPLIST_FILE = YES;
				INFOPLIST_FILE = CityOfKardia/Info.plist;
				INFOPLIST_KEY_UIApplicationSupportsIndirectInputEvents = YES;
				INFOPLIST_KEY_UILaunchStoryboardName = LaunchScreen;
				INFOPLIST_KEY_UIMainStoryboardFile = Main;
				INFOPLIST_KEY_UIStatusBarHidden = YES;
				INFOPLIST_KEY_UISupportedInterfaceOrientations = "UIInterfaceOrientationLandscapeLeft UIInterfaceOrientationLandscapeRight";
				INFOPLIST_KEY_UISupportedInterfaceOrientations_iPad = "UIInterfaceOrientationLandscapeLeft UIInterfaceOrientationLandscapeRight UIInterfaceOrientationPortrait UIInterfaceOrientationPortraitUpsideDown";
				IPHONEOS_DEPLOYMENT_TARGET = 16.0;
				LD_RUNPATH_SEARCH_PATHS = (
					"$(inherited)",
					"@executable_path/Frameworks",
				);
				MARKETING_VERSION = 1.0;
				PRODUCT_BUNDLE_IDENTIFIER = makroni.CityOfKardia;
				PRODUCT_NAME = "$(TARGET_NAME)";
				SWIFT_EMIT_LOC_STRINGS = YES;
				SWIFT_VERSION = 5.0;
				TARGETED_DEVICE_FAMILY = "1,2";
			};
			name = Debug;
		};
		3956B51B28FD01850070B52C /* Release */ = {
			isa = XCBuildConfiguration;
			buildSettings = {
				ASSETCATALOG_COMPILER_APPICON_NAME = AppIcon;
				ASSETCATALOG_COMPILER_GLOBAL_ACCENT_COLOR_NAME = AccentColor;
				CODE_SIGN_STYLE = Automatic;
				CURRENT_PROJECT_VERSION = 1;
				DEVELOPMENT_TEAM = FD4B7DH8HN;
				GENERATE_INFOPLIST_FILE = YES;
				INFOPLIST_FILE = CityOfKardia/Info.plist;
				INFOPLIST_KEY_UIApplicationSupportsIndirectInputEvents = YES;
				INFOPLIST_KEY_UILaunchStoryboardName = LaunchScreen;
				INFOPLIST_KEY_UIMainStoryboardFile = Main;
				INFOPLIST_KEY_UIStatusBarHidden = YES;
				INFOPLIST_KEY_UISupportedInterfaceOrientations = "UIInterfaceOrientationLandscapeLeft UIInterfaceOrientationLandscapeRight";
				INFOPLIST_KEY_UISupportedInterfaceOrientations_iPad = "UIInterfaceOrientationLandscapeLeft UIInterfaceOrientationLandscapeRight UIInterfaceOrientationPortrait UIInterfaceOrientationPortraitUpsideDown";
				IPHONEOS_DEPLOYMENT_TARGET = 16.0;
				LD_RUNPATH_SEARCH_PATHS = (
					"$(inherited)",
					"@executable_path/Frameworks",
				);
				MARKETING_VERSION = 1.0;
				PRODUCT_BUNDLE_IDENTIFIER = makroni.CityOfKardia;
				PRODUCT_NAME = "$(TARGET_NAME)";
				SWIFT_EMIT_LOC_STRINGS = YES;
				SWIFT_VERSION = 5.0;
				TARGETED_DEVICE_FAMILY = "1,2";
			};
			name = Release;
		};
/* End XCBuildConfiguration section */

/* Begin XCConfigurationList section */
		3956B4FD28FD01840070B52C /* Build configuration list for PBXProject "CityOfKardia" */ = {
			isa = XCConfigurationList;
			buildConfigurations = (
				3956B51728FD01850070B52C /* Debug */,
				3956B51828FD01850070B52C /* Release */,
			);
			defaultConfigurationIsVisible = 0;
			defaultConfigurationName = Release;
		};
		3956B51928FD01850070B52C /* Build configuration list for PBXNativeTarget "CityOfKardia" */ = {
			isa = XCConfigurationList;
			buildConfigurations = (
				3956B51A28FD01850070B52C /* Debug */,
				3956B51B28FD01850070B52C /* Release */,
			);
			defaultConfigurationIsVisible = 0;
			defaultConfigurationName = Release;
		};
/* End XCConfigurationList section */

/* Begin XCVersionGroup section */
		39642A27290A8EC000A82C34 /* PlayerModel.xcdatamodeld */ = {
			isa = XCVersionGroup;
			children = (
				39642A28290A8EC000A82C34 /* PlayerModel.xcdatamodel */,
			);
			currentVersion = 39642A28290A8EC000A82C34 /* PlayerModel.xcdatamodel */;
			path = PlayerModel.xcdatamodeld;
			sourceTree = "<group>";
			versionGroupType = wrapper.xcdatamodel;
		};
/* End XCVersionGroup section */
	};
	rootObject = 3956B4FA28FD01840070B52C /* Project object */;
}
